
Microsoft Visual Studio Solution File, Format Version 12.00
# Visual Studio Version 17
VisualStudioVersion = 17.7.34221.43
MinimumVisualStudioVersion = 10.0.40219.1
Project("{FAE04EC0-301F-11D3-BF4B-00C04F79EFBC}") = "MPV_IPC", "MPV_IPC.csproj", "{396A1AF4-7238-4988-819B-4DF82EF0B9C0}"
EndProject
Global
	GlobalSection(SolutionConfigurationPlatforms) = preSolution
		Debug|Any CPU = Debug|Any CPU
		Release|Any CPU = Release|Any CPU
	EndGlobalSection
	GlobalSection(ProjectConfigurationPlatforms) = postSolution
		{396A1AF4-7238-4988-819B-4DF82EF0B9C0}.Debug|Any CPU.ActiveCfg = Debug|Any CPU
		{396A1AF4-7238-4988-819B-4DF82EF0B9C0}.Debug|Any CPU.Build.0 = Debug|Any CPU
		{396A1AF4-7238-4988-819B-4DF82EF0B9C0}.Release|Any CPU.ActiveCfg = Release|Any CPU
		{396A1AF4-7238-4988-819B-4DF82EF0B9C0}.Release|Any CPU.Build.0 = Release|Any CPU
	EndGlobalSection
	GlobalSection(SolutionProperties) = preSolution
		HideSolutionNode = FALSE
	EndGlobalSection
	GlobalSection(ExtensibilityGlobals) = postSolution
		SolutionGuid = {626A8DA0-F439-4FF2-AD0F-BCC86181F0F9}
	EndGlobalSection
EndGlobal
